// !$*UTF8*$!
{
	archiveVersion = 1;
	classes = {
	};
	objectVersion = 48;
	objects = {

/* Begin PBXBuildFile section */
		D40124BA1F8276C10007A2AD /* libSDL2main.a in Frameworks */ = {isa = PBXBuildFile; fileRef = D40124B81F8276C10007A2AD /* libSDL2main.a */; };
		D40124BB1F8276C10007A2AD /* libSDL2.a in Frameworks */ = {isa = PBXBuildFile; fileRef = D40124B91F8276C10007A2AD /* libSDL2.a */; };
		D4309E211F82F3EC00A64511 /* main.cpp in Sources */ = {isa = PBXBuildFile; fileRef = D4309E1D1F82F3EC00A64511 /* main.cpp */; };
		D4309E221F82F3EC00A64511 /* back_buffer.cpp in Sources */ = {isa = PBXBuildFile; fileRef = D4309E1E1F82F3EC00A64511 /* back_buffer.cpp */; };
		D4309E231F82F3EC00A64511 /* camera.cpp in Sources */ = {isa = PBXBuildFile; fileRef = D4309E1F1F82F3EC00A64511 /* camera.cpp */; };
		D4309E241F82F3EC00A64511 /* mesh.cpp in Sources */ = {isa = PBXBuildFile; fileRef = D4309E201F82F3EC00A64511 /* mesh.cpp */; };
/* End PBXBuildFile section */

/* Begin PBXCopyFilesBuildPhase section */
		D40124AB1F8276A20007A2AD /* CopyFiles */ = {
			isa = PBXCopyFilesBuildPhase;
			buildActionMask = 2147483647;
			dstPath = /usr/share/man/man1/;
			dstSubfolderSpec = 0;
			files = (
			);
			runOnlyForDeploymentPostprocessing = 1;
		};
/* End PBXCopyFilesBuildPhase section */

/* Begin PBXFileReference section */
		D40124AD1F8276A20007A2AD /* Cube */ = {isa = PBXFileReference; explicitFileType = "compiled.mach-o.executable"; includeInIndex = 0; path = Cube; sourceTree = BUILT_PRODUCTS_DIR; };
		D40124B81F8276C10007A2AD /* libSDL2main.a */ = {isa = PBXFileReference; lastKnownFileType = archive.ar; name = libSDL2main.a; path = ../../../../usr/local/Cellar/sdl2/2.0.6/lib/libSDL2main.a; sourceTree = "<group>"; };
		D40124B91F8276C10007A2AD /* libSDL2.a */ = {isa = PBXFileReference; lastKnownFileType = archive.ar; name = libSDL2.a; path = ../../../../usr/local/Cellar/sdl2/2.0.6/lib/libSDL2.a; sourceTree = "<group>"; };
		D4309E141F82F3E700A64511 /* matrix.h */ = {isa = PBXFileReference; fileEncoding = 4; lastKnownFileType = sourcecode.c.h; path = matrix.h; sourceTree = "<group>"; };
		D4309E151F82F3E700A64511 /* vector.h */ = {isa = PBXFileReference; fileEncoding = 4; lastKnownFileType = sourcecode.c.h; path = vector.h; sourceTree = "<group>"; };
		D4309E161F82F3E700A64511 /* world.h */ = {isa = PBXFileReference; fileEncoding = 4; lastKnownFileType = sourcecode.c.h; path = world.h; sourceTree = "<group>"; };
		D4309E171F82F3E700A64511 /* color.h */ = {isa = PBXFileReference; fileEncoding = 4; lastKnownFileType = sourcecode.c.h; path = color.h; sourceTree = "<group>"; };
		D4309E181F82F3E700A64511 /* graphics.h */ = {isa = PBXFileReference; fileEncoding = 4; lastKnownFileType = sourcecode.c.h; path = graphics.h; sourceTree = "<group>"; };
		D4309E191F82F3E700A64511 /* math.h */ = {isa = PBXFileReference; fileEncoding = 4; lastKnownFileType = sourcecode.c.h; path = math.h; sourceTree = "<group>"; };
		D4309E1A1F82F3E700A64511 /* back_buffer.h */ = {isa = PBXFileReference; fileEncoding = 4; lastKnownFileType = sourcecode.c.h; path = back_buffer.h; sourceTree = "<group>"; };
		D4309E1B1F82F3E700A64511 /* mesh.h */ = {isa = PBXFileReference; fileEncoding = 4; lastKnownFileType = sourcecode.c.h; path = mesh.h; sourceTree = "<group>"; };
		D4309E1C1F82F3E700A64511 /* camera.h */ = {isa = PBXFileReference; fileEncoding = 4; lastKnownFileType = sourcecode.c.h; path = camera.h; sourceTree = "<group>"; };
		D4309E1D1F82F3EC00A64511 /* main.cpp */ = {isa = PBXFileReference; fileEncoding = 4; lastKnownFileType = sourcecode.cpp.cpp; path = main.cpp; sourceTree = "<group>"; };
		D4309E1E1F82F3EC00A64511 /* back_buffer.cpp */ = {isa = PBXFileReference; fileEncoding = 4; lastKnownFileType = sourcecode.cpp.cpp; path = back_buffer.cpp; sourceTree = "<group>"; };
		D4309E1F1F82F3EC00A64511 /* camera.cpp */ = {isa = PBXFileReference; fileEncoding = 4; lastKnownFileType = sourcecode.cpp.cpp; path = camera.cpp; sourceTree = "<group>"; };
		D4309E201F82F3EC00A64511 /* mesh.cpp */ = {isa = PBXFileReference; fileEncoding = 4; lastKnownFileType = sourcecode.cpp.cpp; path = mesh.cpp; sourceTree = "<group>"; };
		D4309E251F82F51500A64511 /* quaternion.h */ = {isa = PBXFileReference; lastKnownFileType = sourcecode.c.h; path = quaternion.h; sourceTree = "<group>"; };
/* End PBXFileReference section */

/* Begin PBXFrameworksBuildPhase section */
		D40124AA1F8276A20007A2AD /* Frameworks */ = {
			isa = PBXFrameworksBuildPhase;
			buildActionMask = 2147483647;
			files = (
				D40124BA1F8276C10007A2AD /* libSDL2main.a in Frameworks */,
				D40124BB1F8276C10007A2AD /* libSDL2.a in Frameworks */,
			);
			runOnlyForDeploymentPostprocessing = 0;
		};
/* End PBXFrameworksBuildPhase section */

/* Begin PBXGroup section */
		D40124A41F8276A20007A2AD = {
			isa = PBXGroup;
			children = (
				D4309E131F82F3D100A64511 /* Headers */,
				D4309E121F82F3CD00A64511 /* Sources */,
				D40124AE1F8276A20007A2AD /* Products */,
				D40124B71F8276C10007A2AD /* Frameworks */,
			);
			sourceTree = "<group>";
		};
		D40124AE1F8276A20007A2AD /* Products */ = {
			isa = PBXGroup;
			children = (
				D40124AD1F8276A20007A2AD /* Cube */,
			);
			name = Products;
			sourceTree = "<group>";
		};
		D40124B71F8276C10007A2AD /* Frameworks */ = {
			isa = PBXGroup;
			children = (
				D40124B91F8276C10007A2AD /* libSDL2.a */,
				D40124B81F8276C10007A2AD /* libSDL2main.a */,
			);
			name = Frameworks;
			sourceTree = "<group>";
		};
		D4309E121F82F3CD00A64511 /* Sources */ = {
			isa = PBXGroup;
			children = (
				D4309E1E1F82F3EC00A64511 /* back_buffer.cpp */,
				D4309E1F1F82F3EC00A64511 /* camera.cpp */,
				D4309E1D1F82F3EC00A64511 /* main.cpp */,
				D4309E201F82F3EC00A64511 /* mesh.cpp */,
			);
			name = Sources;
			path = src;
			sourceTree = "<group>";
		};
		D4309E131F82F3D100A64511 /* Headers */ = {
			isa = PBXGroup;
			children = (
				D4309E1A1F82F3E700A64511 /* back_buffer.h */,
				D4309E1C1F82F3E700A64511 /* camera.h */,
				D4309E171F82F3E700A64511 /* color.h */,
				D4309E181F82F3E700A64511 /* graphics.h */,
				D4309E191F82F3E700A64511 /* math.h */,
				D4309E141F82F3E700A64511 /* matrix.h */,
				D4309E1B1F82F3E700A64511 /* mesh.h */,
				D4309E151F82F3E700A64511 /* vector.h */,
				D4309E161F82F3E700A64511 /* world.h */,
				D4309E251F82F51500A64511 /* quaternion.h */,
			);
			name = Headers;
			path = include;
			sourceTree = "<group>";
		};
/* End PBXGroup section */

/* Begin PBXNativeTarget section */
		D40124AC1F8276A20007A2AD /* Cube */ = {
			isa = PBXNativeTarget;
			buildConfigurationList = D40124B41F8276A20007A2AD /* Build configuration list for PBXNativeTarget "Cube" */;
			buildPhases = (
				D40124A91F8276A20007A2AD /* Sources */,
				D40124AA1F8276A20007A2AD /* Frameworks */,
				D40124AB1F8276A20007A2AD /* CopyFiles */,
			);
			buildRules = (
			);
			dependencies = (
			);
			name = Cube;
			productName = Cube;
			productReference = D40124AD1F8276A20007A2AD /* Cube */;
			productType = "com.apple.product-type.tool";
		};
/* End PBXNativeTarget section */

/* Begin PBXProject section */
		D40124A51F8276A20007A2AD /* Project object */ = {
			isa = PBXProject;
			attributes = {
				LastUpgradeCheck = 0900;
				ORGANIZATIONNAME = "Rob Hendriks";
				TargetAttributes = {
					D40124AC1F8276A20007A2AD = {
						CreatedOnToolsVersion = 9.0;
						ProvisioningStyle = Automatic;
					};
				};
			};
			buildConfigurationList = D40124A81F8276A20007A2AD /* Build configuration list for PBXProject "Cube" */;
			compatibilityVersion = "Xcode 8.0";
			developmentRegion = en;
			hasScannedForEncodings = 0;
			knownRegions = (
				en,
			);
			mainGroup = D40124A41F8276A20007A2AD;
			productRefGroup = D40124AE1F8276A20007A2AD /* Products */;
			projectDirPath = "";
			projectRoot = "";
			targets = (
				D40124AC1F8276A20007A2AD /* Cube */,
			);
		};
/* End PBXProject section */

/* Begin PBXSourcesBuildPhase section */
		D40124A91F8276A20007A2AD /* Sources */ = {
			isa = PBXSourcesBuildPhase;
			buildActionMask = 2147483647;
			files = (
				D4309E221F82F3EC00A64511 /* back_buffer.cpp in Sources */,
				D4309E231F82F3EC00A64511 /* camera.cpp in Sources */,
				D4309E241F82F3EC00A64511 /* mesh.cpp in Sources */,
				D4309E211F82F3EC00A64511 /* main.cpp in Sources */,
			);
			runOnlyForDeploymentPostprocessing = 0;
		};
/* End PBXSourcesBuildPhase section */

/* Begin XCBuildConfiguration section */
		D40124B21F8276A20007A2AD /* Debug */ = {
			isa = XCBuildConfiguration;
			buildSettings = {
				ALWAYS_SEARCH_USER_PATHS = NO;
				CLANG_ANALYZER_NONNULL = YES;
				CLANG_ANALYZER_NUMBER_OBJECT_CONVERSION = YES_AGGRESSIVE;
				CLANG_CXX_LANGUAGE_STANDARD = "gnu++14";
				CLANG_CXX_LIBRARY = "libc++";
				CLANG_ENABLE_MODULES = YES;
				CLANG_ENABLE_OBJC_ARC = YES;
				CLANG_WARN_BLOCK_CAPTURE_AUTORELEASING = YES;
				CLANG_WARN_BOOL_CONVERSION = YES;
				CLANG_WARN_COMMA = YES;
				CLANG_WARN_CONSTANT_CONVERSION = YES;
				CLANG_WARN_DIRECT_OBJC_ISA_USAGE = YES_ERROR;
				CLANG_WARN_DOCUMENTATION_COMMENTS = YES;
				CLANG_WARN_EMPTY_BODY = YES;
				CLANG_WARN_ENUM_CONVERSION = YES;
				CLANG_WARN_INFINITE_RECURSION = YES;
				CLANG_WARN_INT_CONVERSION = YES;
				CLANG_WARN_NON_LITERAL_NULL_CONVERSION = YES;
				CLANG_WARN_OBJC_LITERAL_CONVERSION = YES;
				CLANG_WARN_OBJC_ROOT_CLASS = YES_ERROR;
				CLANG_WARN_RANGE_LOOP_ANALYSIS = YES;
				CLANG_WARN_STRICT_PROTOTYPES = YES;
				CLANG_WARN_SUSPICIOUS_MOVE = YES;
				CLANG_WARN_UNGUARDED_AVAILABILITY = YES_AGGRESSIVE;
				CLANG_WARN_UNREACHABLE_CODE = YES;
				CLANG_WARN__DUPLICATE_METHOD_MATCH = YES;
				CODE_SIGN_IDENTITY = "Mac Developer";
				COPY_PHASE_STRIP = NO;
				DEBUG_INFORMATION_FORMAT = dwarf;
				ENABLE_STRICT_OBJC_MSGSEND = YES;
				ENABLE_TESTABILITY = YES;
				GCC_C_LANGUAGE_STANDARD = gnu11;
				GCC_DYNAMIC_NO_PIC = NO;
				GCC_NO_COMMON_BLOCKS = YES;
				GCC_OPTIMIZATION_LEVEL = 0;
				GCC_PREPROCESSOR_DEFINITIONS = (
					"DEBUG=1",
					"$(inherited)",
				);
				GCC_WARN_64_TO_32_BIT_CONVERSION = YES;
				GCC_WARN_ABOUT_RETURN_TYPE = YES_ERROR;
				GCC_WARN_UNDECLARED_SELECTOR = YES;
				GCC_WARN_UNINITIALIZED_AUTOS = YES_AGGRESSIVE;
				GCC_WARN_UNUSED_FUNCTION = YES;
				GCC_WARN_UNUSED_VARIABLE = YES;
				MACOSX_DEPLOYMENT_TARGET = 10.13;
				MTL_ENABLE_DEBUG_INFO = YES;
				ONLY_ACTIVE_ARCH = YES;
				SDKROOT = macosx;
			};
			name = Debug;
		};
		D40124B31F8276A20007A2AD /* Release */ = {
			isa = XCBuildConfiguration;
			buildSettings = {
				ALWAYS_SEARCH_USER_PATHS = NO;
				CLANG_ANALYZER_NONNULL = YES;
				CLANG_ANALYZER_NUMBER_OBJECT_CONVERSION = YES_AGGRESSIVE;
				CLANG_CXX_LANGUAGE_STANDARD = "gnu++14";
				CLANG_CXX_LIBRARY = "libc++";
				CLANG_ENABLE_MODULES = YES;
				CLANG_ENABLE_OBJC_ARC = YES;
				CLANG_WARN_BLOCK_CAPTURE_AUTORELEASING = YES;
				CLANG_WARN_BOOL_CONVERSION = YES;
				CLANG_WARN_COMMA = YES;
				CLANG_WARN_CONSTANT_CONVERSION = YES;
				CLANG_WARN_DIRECT_OBJC_ISA_USAGE = YES_ERROR;
				CLANG_WARN_DOCUMENTATION_COMMENTS = YES;
				CLANG_WARN_EMPTY_BODY = YES;
				CLANG_WARN_ENUM_CONVERSION = YES;
				CLANG_WARN_INFINITE_RECURSION = YES;
				CLANG_WARN_INT_CONVERSION = YES;
				CLANG_WARN_NON_LITERAL_NULL_CONVERSION = YES;
				CLANG_WARN_OBJC_LITERAL_CONVERSION = YES;
				CLANG_WARN_OBJC_ROOT_CLASS = YES_ERROR;
				CLANG_WARN_RANGE_LOOP_ANALYSIS = YES;
				CLANG_WARN_STRICT_PROTOTYPES = YES;
				CLANG_WARN_SUSPICIOUS_MOVE = YES;
				CLANG_WARN_UNGUARDED_AVAILABILITY = YES_AGGRESSIVE;
				CLANG_WARN_UNREACHABLE_CODE = YES;
				CLANG_WARN__DUPLICATE_METHOD_MATCH = YES;
				CODE_SIGN_IDENTITY = "Mac Developer";
				COPY_PHASE_STRIP = NO;
				DEBUG_INFORMATION_FORMAT = "dwarf-with-dsym";
				ENABLE_NS_ASSERTIONS = NO;
				ENABLE_STRICT_OBJC_MSGSEND = YES;
				GCC_C_LANGUAGE_STANDARD = gnu11;
				GCC_NO_COMMON_BLOCKS = YES;
				GCC_WARN_64_TO_32_BIT_CONVERSION = YES;
				GCC_WARN_ABOUT_RETURN_TYPE = YES_ERROR;
				GCC_WARN_UNDECLARED_SELECTOR = YES;
				GCC_WARN_UNINITIALIZED_AUTOS = YES_AGGRESSIVE;
				GCC_WARN_UNUSED_FUNCTION = YES;
				GCC_WARN_UNUSED_VARIABLE = YES;
				MACOSX_DEPLOYMENT_TARGET = 10.13;
				MTL_ENABLE_DEBUG_INFO = NO;
				SDKROOT = macosx;
			};
			name = Release;
		};
		D40124B51F8276A20007A2AD /* Debug */ = {
			isa = XCBuildConfiguration;
			buildSettings = {
				CLANG_CXX_LANGUAGE_STANDARD = "gnu++17";
				CODE_SIGN_STYLE = Automatic;
				DEVELOPMENT_TEAM = QV4T55ZUBD;
				HEADER_SEARCH_PATHS = /usr/local/include;
				LIBRARY_SEARCH_PATHS = (
					"$(inherited)",
					/usr/local/Cellar/sdl2/2.0.6/lib,
				);
				PRODUCT_NAME = "$(TARGET_NAME)";
			};
			name = Debug;
		};
		D40124B61F8276A20007A2AD /* Release */ = {
			isa = XCBuildConfiguration;
			buildSettings = {
				CLANG_CXX_LANGUAGE_STANDARD = "gnu++17";
				CODE_SIGN_STYLE = Automatic;
				DEVELOPMENT_TEAM = QV4T55ZUBD;
				HEADER_SEARCH_PATHS = /usr/local/include;
				LIBRARY_SEARCH_PATHS = (
					"$(inherited)",
					/usr/local/Cellar/sdl2/2.0.6/lib,
				);
				PRODUCT_NAME = "$(TARGET_NAME)";
			};
			name = Release;
		};
/* End XCBuildConfiguration section */

/* Begin XCConfigurationList section */
		D40124A81F8276A20007A2AD /* Build configuration list for PBXProject "Cube" */ = {
			isa = XCConfigurationList;
			buildConfigurations = (
				D40124B21F8276A20007A2AD /* Debug */,
				D40124B31F8276A20007A2AD /* Release */,
			);
			defaultConfigurationIsVisible = 0;
			defaultConfigurationName = Release;
		};
		D40124B41F8276A20007A2AD /* Build configuration list for PBXNativeTarget "Cube" */ = {
			isa = XCConfigurationList;
			buildConfigurations = (
				D40124B51F8276A20007A2AD /* Debug */,
				D40124B61F8276A20007A2AD /* Release */,
			);
			defaultConfigurationIsVisible = 0;
			defaultConfigurationName = Release;
		};
/* End XCConfigurationList section */
	};
	rootObject = D40124A51F8276A20007A2AD /* Project object */;
}
